# THIS IS AN AUTOGENERATED FILE. DO NOT EDIT THIS FILE DIRECTLY.
# yarn lockfile v1


debug@^2.2:
  version "2.6.9"
  resolved "https://registry.yarnpkg.com/debug/-/debug-2.6.9.tgz#5d128515df134ff327e90a4c93f4e077a536341f"
  dependencies:
    ms "2.0.0"

exif@^0.6.0:
  version "0.6.0"
  resolved "https://registry.yarnpkg.com/exif/-/exif-0.6.0.tgz#60a62668076542cb7e4f57199d4ac6f37d2c5f4a"
  dependencies:
    debug "^2.2"

flow@^0.2.3:
  version "0.2.3"
  resolved "https://registry.yarnpkg.com/flow/-/flow-0.2.3.tgz#f8da65efa249127ec99376a28896572a9795d1af"

fs@^0.0.1-security:
  version "0.0.1-security"
  resolved "https://registry.yarnpkg.com/fs/-/fs-0.0.1-security.tgz#8a7bd37186b6dddf3813f23858b57ecaaf5e41d4"

ms@2.0.0:
  version "2.0.0"
  resolved "https://registry.yarnpkg.com/ms/-/ms-2.0.0.tgz#5608aeadfc00be6c2901df5f9861788de0d597c8"
